# Generated from official PyPI release metadata; Linux CPython 3.12 amd64/arm64.
contourpy==1.3.3 \
    --hash=sha256:4d00e655fcef08aba35ec9610536bfe90267d7ab5ba944f7032549c55a146da1 \
    --hash=sha256:92d9abc807cf7d0e047b95ca5d957cf4792fcd04e920ca70d48add15c1a90ea7
cycler==0.12.1 \
    --hash=sha256:85cef7cff222d8644161529808465972e51340599459b8ac3ccbac5a854e0d30
deeptools==4.0.0 \
    --hash=sha256:bc539b9198a7ad5ddb061b6b9cd251679764d0b4ba571bf32b6b24823a2eb5ee \
    --hash=sha256:be441ba11b17534cbd7c0137d0626c7ff6b27619cae6c08d1f524d6b7fc089e3
deeptoolsintervals==0.1.9 \
    --hash=sha256:7d94c36fd2b6f10d8b99e536d2672e8228971f1fc810497d33527bba2c40d4f6
fonttools==4.64.0 \
    --hash=sha256:4a05783ff54ce4c7a28f18e5772efdf63c219374bd9ffc55452182e1cef8be60 \
    --hash=sha256:66a83f93579fb3493e458c4449d1d566a7b2a1c7b19915cd0fa3c9b8b5a8540b \
    --hash=sha256:b2763e452b025ee8e990f0462e76052de9bb094ebc21d296f62c6dfe958886b4
kiwisolver==1.5.1 \
    --hash=sha256:34633ecf50d16187ab8e5528b7a2530f2feb4e23f300db4672538b51cfc5cd38 \
    --hash=sha256:d27c2123977cb9269c30a49ba45f03a4323017ef693e19db4ec9dbe1299a3002
matplotlib==3.11.1 \
    --hash=sha256:ba8f811b8ddfac493734d6af0b2dff96919d0c28ca0d641858dab4262777c6ea \
    --hash=sha256:c52f7ad20ef476806ed212380b1d54d20310c8b86bdc2c9a68b51f0024a44472
maturin==1.15.0 \
    --hash=sha256:0ebf9767892725083138e671c34482c660317a2f3d6a29fc0e0f34e9d8c99136 \
    --hash=sha256:653020a63525bb224e5ab0adf02e17a2e08bc86dbea7fc1399c9a56d7529b99e
numpy==2.5.3 \
    --hash=sha256:76c2c1e6bfa5c84adc6434dfbf013aa92096a7985221762c8f11fedfd20fff58 \
    --hash=sha256:b7e18c623bb5c95acb3b3328861272816ba199fb531921c5d6d0b675f1fde9e3
packaging==26.3 \
    --hash=sha256:d7193f7c8e4e93f444fde0262bf90af30e16fa0ad0ad44cb553c87339b23cd1c
pillow==12.3.0 \
    --hash=sha256:78cb2c6865a35ab8ff8b75fd122f6033b92a62c82801110e48ddd6c936a45d91 \
    --hash=sha256:d9c7f76c0673154f044e9d78c8655fb4213f6ca31a836df48b40fe5d187717b9
py2bit==1.0.1 \
    --hash=sha256:0cbd9754342dc9595f46b18e655af01d89e78d9762b0b541fcd4e96076523275 \
    --hash=sha256:4972f85eb3844cdfba43eb54ab3c8349a0536e03dfd7db07ca8d3447285ad20c
pyBigWig==0.3.25 \
    --hash=sha256:852c41f00afc610322eb3c5aba74068d05b340d09db4573db2deca330ad48f30 \
    --hash=sha256:8c717b0222e6677956fd659c8a21650983679ffb3314427d7f68d2910fad202a
pyparsing==3.3.2 \
    --hash=sha256:850ba148bd908d7e2411587e247a1e4f0327839c40e2e5e6d05a007ecc69911d
pysam==0.24.1 \
    --hash=sha256:06eabdc8f7c3894b73d2c4365ea6197d6ba5308e203dd2887b5df635fe6e249b \
    --hash=sha256:39914c2e395be44126e120be0933aaea3ea1d664f3c421a91afc4be086b49a79
python-dateutil==2.9.0.post0 \
    --hash=sha256:a8b2bc7bffae282281c8140a97d3aa9c14da0b136dfe83f850eea9a5f7470427
scipy==1.18.1 \
    --hash=sha256:3c085faa2cfa879c5141df483f836f4d691045a078224a670fa570fa01612d89 \
    --hash=sha256:f55fa87b6c612ecd6b058f167c53231b1d14e412efe361d3d6e38b3631c73218
six==1.17.0 \
    --hash=sha256:4721f391ed90541fddacab5acf947aa0d3dc7d27b2e1e8eda2be8970586c3274
